
Microsoft Visual Studio Solution File, Format Version 12.00
# Visual Studio Version 17
VisualStudioVersion = 17.14.36221.1 d17.14
MinimumVisualStudioVersion = 10.0.40219.1
Project("{FAE04EC0-301F-11D3-BF4B-00C04F79EFBC}") = "AssignmentADV01", "AssignmentADV01.csproj", "{7D24C463-CBBE-AEB5-EA9B-7A8368F310B7}"
EndProject
Project("{FAE04EC0-301F-11D3-BF4B-00C04F79EFBC}") = "Assignment", "..\Assignment\Assignment.csproj", "{548FA30A-671A-4958-B6EC-C4EBBDC81A78}"
EndProject
Global
	GlobalSection(SolutionConfigurationPlatforms) = preSolution
		Debug|Any CPU = Debug|Any CPU
		Release|Any CPU = Release|Any CPU
	EndGlobalSection
	GlobalSection(ProjectConfigurationPlatforms) = postSolution
		{7D24C463-CBBE-AEB5-EA9B-7A8368F310B7}.Debug|Any CPU.ActiveCfg = Debug|Any CPU
		{7D24C463-CBBE-AEB5-EA9B-7A8368F310B7}.Debug|Any CPU.Build.0 = Debug|Any CPU
		{7D24C463-CBBE-AEB5-EA9B-7A8368F310B7}.Release|Any CPU.ActiveCfg = Release|Any CPU
		{7D24C463-CBBE-AEB5-EA9B-7A8368F310B7}.Release|Any CPU.Build.0 = Release|Any CPU
		{548FA30A-671A-4958-B6EC-C4EBBDC81A78}.Debug|Any CPU.ActiveCfg = Debug|Any CPU
		{548FA30A-671A-4958-B6EC-C4EBBDC81A78}.Debug|Any CPU.Build.0 = Debug|Any CPU
		{548FA30A-671A-4958-B6EC-C4EBBDC81A78}.Release|Any CPU.ActiveCfg = Release|Any CPU
		{548FA30A-671A-4958-B6EC-C4EBBDC81A78}.Release|Any CPU.Build.0 = Release|Any CPU
	EndGlobalSection
	GlobalSection(SolutionProperties) = preSolution
		HideSolutionNode = FALSE
	EndGlobalSection
	GlobalSection(ExtensibilityGlobals) = postSolution
		SolutionGuid = {C2D29D36-6CCC-4FA2-BC96-6FD5FB7751DC}
	EndGlobalSection
EndGlobal
